
Microsoft Visual Studio Solution File, Format Version 12.00
# Visual Studio Version 17
VisualStudioVersion = 17.6.33815.320
MinimumVisualStudioVersion = 10.0.40219.1
Project("{FAE04EC0-301F-11D3-BF4B-00C04F79EFBC}") = "CreditDebitAMTRepoDesignPatternExample", "CreditDebitAMTRepoDesignPatternExample\CreditDebitAMTRepoDesignPatternExample.csproj", "{8BF73F21-EDEF-419E-8554-C418A2F39EFF}"
EndProject
Global
	GlobalSection(SolutionConfigurationPlatforms) = preSolution
		Debug|Any CPU = Debug|Any CPU
		Release|Any CPU = Release|Any CPU
	EndGlobalSection
	GlobalSection(ProjectConfigurationPlatforms) = postSolution
		{8BF73F21-EDEF-419E-8554-C418A2F39EFF}.Debug|Any CPU.ActiveCfg = Debug|Any CPU
		{8BF73F21-EDEF-419E-8554-C418A2F39EFF}.Debug|Any CPU.Build.0 = Debug|Any CPU
		{8BF73F21-EDEF-419E-8554-C418A2F39EFF}.Release|Any CPU.ActiveCfg = Release|Any CPU
		{8BF73F21-EDEF-419E-8554-C418A2F39EFF}.Release|Any CPU.Build.0 = Release|Any CPU
	EndGlobalSection
	GlobalSection(SolutionProperties) = preSolution
		HideSolutionNode = FALSE
	EndGlobalSection
	GlobalSection(ExtensibilityGlobals) = postSolution
		SolutionGuid = {9D71C0C0-4816-4F7E-9C5C-AE71F0BA7CD7}
	EndGlobalSection
EndGlobal
